<?xml version="1.0" encoding="utf-8"?>
<Project ToolsVersion="4.0" xmlns="http://schemas.microsoft.com/developer/msbuild/2003">
  <ItemGroup>
    <Filter Include="리소스 파일">
      <UniqueIdentifier>{67DA6AB6-F800-4c08-8B7A-83BB121AAD01}</UniqueIdentifier>
      <Extensions>rc;ico;cur;bmp;dlg;rc2;rct;bin;rgs;gif;jpg;jpeg;jpe;resx;tiff;tif;png;wav;mfcribbon-ms</Extensions>
    </Filter>
    <Filter Include="Default">
      <UniqueIdentifier>{93995380-89BD-4b04-88EB-625FBE52EBFB}</UniqueIdentifier>
      <Extensions>h;hh;hpp;hxx;h++;hm;inl;inc;ipp;xsd</Extensions>
    </Filter>
    <Filter Include="Game">
      <UniqueIdentifier>{4FC737F1-C7A5-4376-A066-2A32D752A2FF}</UniqueIdentifier>
      <Extensions>cpp;c;cc;cxx;c++;cppm;ixx;def;odl;idl;hpj;bat;asm;asmx</Extensions>
    </Filter>
    <Filter Include="Game\01.Engine">
      <UniqueIdentifier>{bebf631d-ba83-4d54-8c3f-0cc2528b58ba}</UniqueIdentifier>
    </Filter>
    <Filter Include="Game\02.Manager">
      <UniqueIdentifier>{1f205f1a-05fd-41e8-b426-7d71e7c09ab3}</UniqueIdentifier>
    </Filter>
    <Filter Include="Game\02.Manager\02.TimeMgr">
      <UniqueIdentifier>{2c486de9-cd4b-4a3a-a74b-229ae7f5957f}</UniqueIdentifier>
    </Filter>
    <Filter Include="Game\02.Manager\01.KeyMgr">
      <UniqueIdentifier>{29e469fa-9d12-4104-ad4f-7012b501eecb}</UniqueIdentifier>
    </Filter>
    <Filter Include="Game\02.Manager\03.LevelMgr">
      <UniqueIdentifier>{00cd0e20-5326-4dbe-a323-5e9fa3bd87a0}</UniqueIdentifier>
    </Filter>
    <Filter Include="Game\04.Object">
      <UniqueIdentifier>{8e59a7a0-1e55-4b8e-bd38-b412dbbdf644}</UniqueIdentifier>
    </Filter>
    <Filter Include="Game\04.Object\Player">
      <UniqueIdentifier>{2839248a-01c8-4be4-b2d9-ea0118e1c98f}</UniqueIdentifier>
    </Filter>
    <Filter Include="Game\04.Object\Missile">
      <UniqueIdentifier>{304da2e7-af16-4fb2-bb62-6dc39ab1deb1}</UniqueIdentifier>
    </Filter>
    <Filter Include="Game\05.Component">
      <UniqueIdentifier>{43bba7e6-1308-4609-8ba2-291fb7e84488}</UniqueIdentifier>
    </Filter>
    <Filter Include="Game\03.Level">
      <UniqueIdentifier>{96f58629-207b-4fab-bacd-5b52e02b4933}</UniqueIdentifier>
    </Filter>
    <Filter Include="Game\03.Level\01.Start">
      <UniqueIdentifier>{de74f669-150c-497e-a7bf-5c2ee17c2d51}</UniqueIdentifier>
    </Filter>
    <Filter Include="Game\03.Level\02.State_01">
      <UniqueIdentifier>{53f20b5e-7459-4857-9b03-16064a1799cd}</UniqueIdentifier>
    </Filter>
    <Filter Include="Game\05.Component\Animator">
      <UniqueIdentifier>{9464385a-ad09-4a97-8326-a7587614f828}</UniqueIdentifier>
    </Filter>
    <Filter Include="Game\05.Component\Collider">
      <UniqueIdentifier>{195e1a23-342a-48c3-b4d1-2b1cd04d5af8}</UniqueIdentifier>
    </Filter>
    <Filter Include="Game\04.Object\Monster">
      <UniqueIdentifier>{472dd1b7-908a-4ce3-a244-6e4a824c881f}</UniqueIdentifier>
    </Filter>
    <Filter Include="Game\02.Manager\04.CollisionMgr">
      <UniqueIdentifier>{cae73619-01ff-44e2-a0d8-eb30e0b12f60}</UniqueIdentifier>
    </Filter>
    <Filter Include="Game\02.Manager\05.EventMgr">
      <UniqueIdentifier>{d8d270d7-b123-4f2f-b2eb-7d170dcbe255}</UniqueIdentifier>
    </Filter>
    <Filter Include="Game\0.Header">
      <UniqueIdentifier>{e62265f5-ad9c-419d-80c6-476fca3f9934}</UniqueIdentifier>
    </Filter>
    <Filter Include="Game\06.Resource">
      <UniqueIdentifier>{10e291f8-aa5e-4b0c-be3e-163bb0bc61a8}</UniqueIdentifier>
    </Filter>
    <Filter Include="Game\06.Resource\Sound">
      <UniqueIdentifier>{30bf0853-ef09-4719-9fcb-f9cc9f9f352b}</UniqueIdentifier>
    </Filter>
    <Filter Include="Game\06.Resource\Texture">
      <UniqueIdentifier>{719df591-5045-4155-9450-08ed661295eb}</UniqueIdentifier>
    </Filter>
    <Filter Include="Game\02.Manager\06.PathMgr">
      <UniqueIdentifier>{c9a732d7-01fa-4340-a6b3-7ff6ae393648}</UniqueIdentifier>
    </Filter>
    <Filter Include="Game\02.Manager\07.ResourceMgr">
      <UniqueIdentifier>{27529836-2a4b-4166-b883-8ea22f1f810c}</UniqueIdentifier>
    </Filter>
    <Filter Include="Game\02.Manager\08.CameraMgr">
      <UniqueIdentifier>{c4e6a8e4-c55a-446f-8c8a-14e493d6984e}</UniqueIdentifier>
    </Filter>
    <Filter Include="Game\05.Component\Animator\Animation">
      <UniqueIdentifier>{0a43fecf-be36-4286-8e11-d156e67d77ad}</UniqueIdentifier>
    </Filter>
  </ItemGroup>
  <ItemGroup>
    <ClInclude Include="framework.h">
      <Filter>Default</Filter>
    </ClInclude>
    <ClInclude Include="targetver.h">
      <Filter>Default</Filter>
    </ClInclude>
    <ClInclude Include="43Project.h">
      <Filter>Default</Filter>
    </ClInclude>
    <ClInclude Include="pch.h">
      <Filter>Default</Filter>
    </ClInclude>
    <ClInclude Include="CEntity.h">
      <Filter>Game</Filter>
    </ClInclude>
    <ClInclude Include="CEngine.h">
      <Filter>Game\01.Engine</Filter>
    </ClInclude>
    <ClInclude Include="CObject.h">
      <Filter>Game\04.Object</Filter>
    </ClInclude>
    <ClInclude Include="CKeyMgr.h">
      <Filter>Game\02.Manager\01.KeyMgr</Filter>
    </ClInclude>
    <ClInclude Include="CTimeMgr.h">
      <Filter>Game\02.Manager\02.TimeMgr</Filter>
    </ClInclude>
    <ClInclude Include="CLevel.h">
      <Filter>Game\03.Level</Filter>
    </ClInclude>
    <ClInclude Include="CStartLevel.h">
      <Filter>Game\03.Level\01.Start</Filter>
    </ClInclude>
    <ClInclude Include="CStage01Level.h">
      <Filter>Game\03.Level\02.State_01</Filter>
    </ClInclude>
    <ClInclude Include="CPlayer.h">
      <Filter>Game\04.Object\Player</Filter>
    </ClInclude>
    <ClInclude Include="CLevelMgr.h">
      <Filter>Game\02.Manager\03.LevelMgr</Filter>
    </ClInclude>
    <ClInclude Include="CMissile.h">
      <Filter>Game\04.Object\Missile</Filter>
    </ClInclude>
    <ClInclude Include="CComponent.h">
      <Filter>Game\05.Component</Filter>
    </ClInclude>
    <ClInclude Include="CCollider.h">
      <Filter>Game\05.Component\Collider</Filter>
    </ClInclude>
    <ClInclude Include="CMonster.h">
      <Filter>Game\04.Object\Monster</Filter>
    </ClInclude>
    <ClInclude Include="CCollisionMgr.h">
      <Filter>Game\02.Manager\04.CollisionMgr</Filter>
    </ClInclude>
    <ClInclude Include="CEventMgr.h">
      <Filter>Game\02.Manager\05.EventMgr</Filter>
    </ClInclude>
    <ClInclude Include="def.h">
      <Filter>Game\0.Header</Filter>
    </ClInclude>
    <ClInclude Include="struct.h">
      <Filter>Game\0.Header</Filter>
    </ClInclude>
    <ClInclude Include="func.h">
      <Filter>Game\0.Header</Filter>
    </ClInclude>
    <ClInclude Include="CTexture.h">
      <Filter>Game\06.Resource\Texture</Filter>
    </ClInclude>
    <ClInclude Include="CSound.h">
      <Filter>Game\06.Resource\Sound</Filter>
    </ClInclude>
    <ClInclude Include="Resource.h">
      <Filter>Default</Filter>
    </ClInclude>
    <ClInclude Include="CResource.h">
      <Filter>Game\06.Resource</Filter>
    </ClInclude>
    <ClInclude Include="CPathMgr.h">
      <Filter>Game\02.Manager\06.PathMgr</Filter>
    </ClInclude>
    <ClInclude Include="CResourceMgr.h">
      <Filter>Game\02.Manager\07.ResourceMgr</Filter>
    </ClInclude>
    <ClInclude Include="CCameraMgr.h">
      <Filter>Game\02.Manager\08.CameraMgr</Filter>
    </ClInclude>
    <ClInclude Include="CAnimation.h">
      <Filter>Game\05.Component\Animator\Animation</Filter>
    </ClInclude>
    <ClInclude Include="CAnimator.h">
      <Filter>Game\05.Component\Animator</Filter>
    </ClInclude>
  </ItemGroup>
  <ItemGroup>
    <ResourceCompile Include="43Project.rc">
      <Filter>리소스 파일</Filter>
    </ResourceCompile>
  </ItemGroup>
  <ItemGroup>
    <Image Include="small.ico">
      <Filter>리소스 파일</Filter>
    </Image>
    <Image Include="43Project.ico">
      <Filter>리소스 파일</Filter>
    </Image>
  </ItemGroup>
  <ItemGroup>
    <ClCompile Include="pch.cpp">
      <Filter>Default</Filter>
    </ClCompile>
    <ClCompile Include="43Project.cpp" />
    <ClCompile Include="CEntity.cpp">
      <Filter>Game</Filter>
    </ClCompile>
    <ClCompile Include="CEngine.cpp">
      <Filter>Game\01.Engine</Filter>
    </ClCompile>
    <ClCompile Include="CObject.cpp">
      <Filter>Game\04.Object</Filter>
    </ClCompile>
    <ClCompile Include="CKeyMgr.cpp">
      <Filter>Game\02.Manager\01.KeyMgr</Filter>
    </ClCompile>
    <ClCompile Include="CTimeMgr.cpp">
      <Filter>Game\02.Manager\02.TimeMgr</Filter>
    </ClCompile>
    <ClCompile Include="CLevel.cpp">
      <Filter>Game\03.Level</Filter>
    </ClCompile>
    <ClCompile Include="CStartLevel.cpp">
      <Filter>Game\03.Level\01.Start</Filter>
    </ClCompile>
    <ClCompile Include="CStage01Level.cpp">
      <Filter>Game\03.Level\02.State_01</Filter>
    </ClCompile>
    <ClCompile Include="CPlayer.cpp">
      <Filter>Game\04.Object\Player</Filter>
    </ClCompile>
    <ClCompile Include="CLevelMgr.cpp">
      <Filter>Game\02.Manager\03.LevelMgr</Filter>
    </ClCompile>
    <ClCompile Include="CMissile.cpp">
      <Filter>Game\04.Object\Missile</Filter>
    </ClCompile>
    <ClCompile Include="CComponent.cpp">
      <Filter>Game\05.Component</Filter>
    </ClCompile>
    <ClCompile Include="CAnimator.cpp">
      <Filter>Game\05.Component\Animator</Filter>
    </ClCompile>
    <ClCompile Include="CCollider.cpp">
      <Filter>Game\05.Component\Collider</Filter>
    </ClCompile>
    <ClCompile Include="CMonster.cpp">
      <Filter>Game\04.Object\Monster</Filter>
    </ClCompile>
    <ClCompile Include="CCollisionMgr.cpp">
      <Filter>Game\02.Manager\04.CollisionMgr</Filter>
    </ClCompile>
    <ClCompile Include="CEventMgr.cpp">
      <Filter>Game\02.Manager\05.EventMgr</Filter>
    </ClCompile>
    <ClCompile Include="func.cpp">
      <Filter>Game\0.Header</Filter>
    </ClCompile>
    <ClCompile Include="CResource.cpp">
      <Filter>Game\06.Resource</Filter>
    </ClCompile>
    <ClCompile Include="CTexture.cpp">
      <Filter>Game\06.Resource\Texture</Filter>
    </ClCompile>
    <ClCompile Include="CSound.cpp">
      <Filter>Game\06.Resource\Sound</Filter>
    </ClCompile>
    <ClCompile Include="CPathMgr.cpp">
      <Filter>Game\02.Manager\06.PathMgr</Filter>
    </ClCompile>
    <ClCompile Include="CResourceMgr.cpp">
      <Filter>Game\02.Manager\07.ResourceMgr</Filter>
    </ClCompile>
    <ClCompile Include="CCameraMgr.cpp">
      <Filter>Game\02.Manager\08.CameraMgr</Filter>
    </ClCompile>
    <ClCompile Include="CAnimation.cpp">
      <Filter>Game\05.Component\Animator\Animation</Filter>
    </ClCompile>
  </ItemGroup>
</Project>